
Microsoft Visual Studio Solution File, Format Version 12.00
# Visual Studio Version 16
VisualStudioVersion = 16.0.29609.76
MinimumVisualStudioVersion = 10.0.40219.1
Project("{9A19103F-16F7-4668-BE54-9A1E7A4F7556}") = "GrowingData.Utilities", "GrowingData.Utilities\GrowingData.Utilities.csproj", "{61B212A8-3A2B-4204-9E9D-F12771430D7A}"
EndProject
Project("{9A19103F-16F7-4668-BE54-9A1E7A4F7556}") = "GrowingData.Data", "GrowingData.Data\GrowingData.Data.csproj", "{232628E7-16A4-41CC-84EE-6BE381756451}"
EndProject
Global
	GlobalSection(SolutionConfigurationPlatforms) = preSolution
		Debug|Any CPU = Debug|Any CPU
		Release|Any CPU = Release|Any CPU
	EndGlobalSection
	GlobalSection(ProjectConfigurationPlatforms) = postSolution
		{61B212A8-3A2B-4204-9E9D-F12771430D7A}.Debug|Any CPU.ActiveCfg = Debug|Any CPU
		{61B212A8-3A2B-4204-9E9D-F12771430D7A}.Debug|Any CPU.Build.0 = Debug|Any CPU
		{61B212A8-3A2B-4204-9E9D-F12771430D7A}.Release|Any CPU.ActiveCfg = Release|Any CPU
		{61B212A8-3A2B-4204-9E9D-F12771430D7A}.Release|Any CPU.Build.0 = Release|Any CPU
		{232628E7-16A4-41CC-84EE-6BE381756451}.Debug|Any CPU.ActiveCfg = Debug|Any CPU
		{232628E7-16A4-41CC-84EE-6BE381756451}.Debug|Any CPU.Build.0 = Debug|Any CPU
		{232628E7-16A4-41CC-84EE-6BE381756451}.Release|Any CPU.ActiveCfg = Release|Any CPU
		{232628E7-16A4-41CC-84EE-6BE381756451}.Release|Any CPU.Build.0 = Release|Any CPU
	EndGlobalSection
	GlobalSection(SolutionProperties) = preSolution
		HideSolutionNode = FALSE
	EndGlobalSection
	GlobalSection(ExtensibilityGlobals) = postSolution
		SolutionGuid = {62C0EA05-5EFF-43CD-A818-EAF4329467DA}
	EndGlobalSection
EndGlobal
