
Microsoft Visual Studio Solution File, Format Version 12.00
# Visual Studio 2013
VisualStudioVersion = 12.0.31101.0
MinimumVisualStudioVersion = 10.0.40219.1
Project("{FAE04EC0-301F-11D3-BF4B-00C04F79EFBC}") = "GrowingData.Pipeliner", "GrowingData.Pipeliner\GrowingData.Pipeliner.csproj", "{F53C3553-E42E-4887-9F42-6F23D547A26B}"
EndProject
Project("{2150E333-8FDC-42A3-9474-1A3956D46DE8}") = ".nuget", ".nuget", "{B106C3D5-4236-43E8-9744-667875CB7ACD}"
	ProjectSection(SolutionItems) = preProject
		.nuget\NuGet.Config = .nuget\NuGet.Config
		.nuget\NuGet.exe = .nuget\NuGet.exe
		.nuget\NuGet.targets = .nuget\NuGet.targets
	EndProjectSection
EndProject
Project("{FAE04EC0-301F-11D3-BF4B-00C04F79EFBC}") = "GrowingData.Utilities", "..\libs\GrowingData.Utilities\GrowingData.Utilities\GrowingData.Utilities.csproj", "{61B212A8-3A2B-4204-9E9D-F12771430D7A}"
EndProject
Global
	GlobalSection(SolutionConfigurationPlatforms) = preSolution
		Debug|Any CPU = Debug|Any CPU
		Release|Any CPU = Release|Any CPU
	EndGlobalSection
	GlobalSection(ProjectConfigurationPlatforms) = postSolution
		{F53C3553-E42E-4887-9F42-6F23D547A26B}.Debug|Any CPU.ActiveCfg = Debug|Any CPU
		{F53C3553-E42E-4887-9F42-6F23D547A26B}.Debug|Any CPU.Build.0 = Debug|Any CPU
		{F53C3553-E42E-4887-9F42-6F23D547A26B}.Release|Any CPU.ActiveCfg = Release|Any CPU
		{F53C3553-E42E-4887-9F42-6F23D547A26B}.Release|Any CPU.Build.0 = Release|Any CPU
		{61B212A8-3A2B-4204-9E9D-F12771430D7A}.Debug|Any CPU.ActiveCfg = Debug|Any CPU
		{61B212A8-3A2B-4204-9E9D-F12771430D7A}.Debug|Any CPU.Build.0 = Debug|Any CPU
		{61B212A8-3A2B-4204-9E9D-F12771430D7A}.Release|Any CPU.ActiveCfg = Release|Any CPU
		{61B212A8-3A2B-4204-9E9D-F12771430D7A}.Release|Any CPU.Build.0 = Release|Any CPU
	EndGlobalSection
	GlobalSection(SolutionProperties) = preSolution
		HideSolutionNode = FALSE
	EndGlobalSection
EndGlobal
